{
  "name": "Viridian",
  "lockfileVersion": 3,
  "requires": true,
  "packages": {
    "": {
      "dependencies": {
        "chart": "^0.1.2",
        "chart.js": "^4.4.0",
        "react-chartjs-2": "^5.2.0",
        "react-hook-form": "^7.46.2",
        "riot": "^9.0.4"
      }
    },
    "node_modules/@kurkle/color": {
      "version": "0.3.2",
      "resolved": "https://registry.npmjs.org/@kurkle/color/-/color-0.3.2.tgz",
      "integrity": "sha512-fuscdXJ9G1qb7W8VdHi+IwRqij3lBkosAm4ydQtEmbY58OzHXqQhvlxqEkoz0yssNVn38bcpRWgA9PP+OGoisw=="
    },
    "node_modules/chart": {
      "version": "0.1.2",
      "resolved": "https://registry.npmjs.org/chart/-/chart-0.1.2.tgz",
      "integrity": "sha512-MSiVzAd3qUEXv54k9KGe1oIoC7WG32W9wtjpovlTGlzo2ue/fRiHf7kJAK1zmD736jH/0fVWNCQLh41btfAEZQ==",
      "dependencies": {
        "hashish": "",
        "hat": "",
        "mrcolor": "https://github.com/rook2pawn/mrcolor/archive/master.tar.gz"
      }
    },
    "node_modules/chart.js": {
      "version": "4.4.0",
      "resolved": "https://registry.npmjs.org/chart.js/-/chart.js-4.4.0.tgz",
      "integrity": "sha512-vQEj6d+z0dcsKLlQvbKIMYFHd3t8W/7L2vfJIbYcfyPcRx92CsHqECpueN8qVGNlKyDcr5wBrYAYKnfu/9Q1hQ==",
      "dependencies": {
        "@kurkle/color": "^0.3.0"
      },
      "engines": {
        "pnpm": ">=7"
      }
    },
    "node_modules/color-convert": {
      "version": "0.2.1",
      "resolved": "https://registry.npmjs.org/color-convert/-/color-convert-0.2.1.tgz",
      "integrity": "sha512-FWbwpCgyRV41Vml0iKU9UmL0dVTKORnm7ZC8h8cdfvutk2bU7ZcMLtSleggScK/IpUVXILg9Pw86LhPUQyTaVg==",
      "engines": {
        "node": "*"
      }
    },
    "node_modules/hashish": {
      "version": "0.0.4",
      "resolved": "https://registry.npmjs.org/hashish/-/hashish-0.0.4.tgz",
      "integrity": "sha512-xyD4XgslstNAs72ENaoFvgMwtv8xhiDtC2AtzCG+8yF7W/Knxxm9BX+e2s25mm+HxMKh0rBmXVOEGF3zNImXvA==",
      "dependencies": {
        "traverse": ">=0.2.4"
      },
      "engines": {
        "node": "*"
      }
    },
    "node_modules/hat": {
      "version": "0.0.3",
      "resolved": "https://registry.npmjs.org/hat/-/hat-0.0.3.tgz",
      "integrity": "sha512-zpImx2GoKXy42fVDSEad2BPKuSQdLcqsCYa48K3zHSzM/ugWuYjLDr8IXxpVuL7uCLHw56eaiLxCRthhOzf5ug==",
      "engines": {
        "node": "*"
      }
    },
    "node_modules/js-tokens": {
      "version": "4.0.0",
      "resolved": "https://registry.npmjs.org/js-tokens/-/js-tokens-4.0.0.tgz",
      "integrity": "sha512-RdJUflcE3cUzKiMqQgsCu06FPu9UdIJO0beYbPhHN4k6apgJtifcoCtT9bcxOpYBtpD2kCM6Sbzg4CausW/PKQ==",
      "peer": true
    },
    "node_modules/loose-envify": {
      "version": "1.4.0",
      "resolved": "https://registry.npmjs.org/loose-envify/-/loose-envify-1.4.0.tgz",
      "integrity": "sha512-lyuxPGr/Wfhrlem2CL/UcnUc1zcqKAImBDzukY7Y5F/yQiNdko6+fRLevlw1HgMySw7f611UIY408EtxRSoK3Q==",
      "peer": true,
      "dependencies": {
        "js-tokens": "^3.0.0 || ^4.0.0"
      },
      "bin": {
        "loose-envify": "cli.js"
      }
    },
    "node_modules/mrcolor": {
      "version": "0.0.1",
      "resolved": "https://github.com/rook2pawn/mrcolor/archive/master.tar.gz",
      "integrity": "sha512-feteSepg0FRp0fW3RafigAjU7gXiiaa4OlMW39FEmcvQPbD7Zlpc2PSu4hVBPSBR4XNee8n6EjCTfK0O37DL5A==",
      "license": "MIT/X11",
      "dependencies": {
        "color-convert": "0.2.x"
      }
    },
    "node_modules/react": {
      "version": "18.2.0",
      "resolved": "https://registry.npmjs.org/react/-/react-18.2.0.tgz",
      "integrity": "sha512-/3IjMdb2L9QbBdWiW5e3P2/npwMBaU9mHCSCUzNln0ZCYbcfTsGbTJrU/kGemdH2IWmB2ioZ+zkxtmq6g09fGQ==",
      "peer": true,
      "dependencies": {
        "loose-envify": "^1.1.0"
      },
      "engines": {
        "node": ">=0.10.0"
      }
    },
    "node_modules/react-chartjs-2": {
      "version": "5.2.0",
      "resolved": "https://registry.npmjs.org/react-chartjs-2/-/react-chartjs-2-5.2.0.tgz",
      "integrity": "sha512-98iN5aguJyVSxp5U3CblRLH67J8gkfyGNbiK3c+l1QI/G4irHMPQw44aEPmjVag+YKTyQ260NcF82GTQ3bdscA==",
      "peerDependencies": {
        "chart.js": "^4.1.1",
        "react": "^16.8.0 || ^17.0.0 || ^18.0.0"
      }
    },
    "node_modules/react-hook-form": {
      "version": "7.46.2",
      "resolved": "https://registry.npmjs.org/react-hook-form/-/react-hook-form-7.46.2.tgz",
      "integrity": "sha512-x1DWmHQchV7x2Rq9l99M/cQHC8JGchAnw9Z0uTz5KrPa0bTl/Inm1NR7ceOARfIrkNuQNAhuSuZPYa6k7QYn3Q==",
      "engines": {
        "node": ">=12.22.0"
      },
      "funding": {
        "type": "opencollective",
        "url": "https://opencollective.com/react-hook-form"
      },
      "peerDependencies": {
        "react": "^16.8.0 || ^17 || ^18"
      }
    },
    "node_modules/riot": {
      "version": "9.0.4",
      "resolved": "https://registry.npmjs.org/riot/-/riot-9.0.4.tgz",
      "integrity": "sha512-oyS+7+sNpwJtu+AsL53NztBnYnkwFoiaXU4XD9Am+4pIgsUgnZl+uWN48V+7ti4w3dbgRm/JWFyJX46jwBUPfQ==",
      "engines": {
        "node": ">=18.0.0"
      }
    },
    "node_modules/traverse": {
      "version": "0.6.7",
      "resolved": "https://registry.npmjs.org/traverse/-/traverse-0.6.7.tgz",
      "integrity": "sha512-/y956gpUo9ZNCb99YjxG7OaslxZWHfCHAUUfshwqOXmxUIvqLjVO581BT+gM59+QV9tFe6/CGG53tsA1Y7RSdg==",
      "funding": {
        "url": "https://github.com/sponsors/ljharb"
      }
    }
  }
}
